// !$*UTF8*$!
{
	archiveVersion = 1;
	classes = {
	};
	objectVersion = 50;
	objects = {

/* Begin PBXBuildFile section */
		0855F18C24ACA5C9004611F3 /* LYTestTheme.m in Sources */ = {isa = PBXBuildFile; fileRef = 0855F18B24ACA5C9004611F3 /* LYTestTheme.m */; };
		0855F18F24ACAB0F004611F3 /* UILabel+LYTheme.m in Sources */ = {isa = PBXBuildFile; fileRef = 0855F18E24ACAB0F004611F3 /* UILabel+LYTheme.m */; };
		0855F19224ACAFE7004611F3 /* UINavigationBar+LYTheme.m in Sources */ = {isa = PBXBuildFile; fileRef = 0855F19124ACAFE7004611F3 /* UINavigationBar+LYTheme.m */; };
		0855F19524ACB27F004611F3 /* UIPageControl+LYTheme.m in Sources */ = {isa = PBXBuildFile; fileRef = 0855F19424ACB27F004611F3 /* UIPageControl+LYTheme.m */; };
		0855F19824ACB3F6004611F3 /* UIProgressView+LYTheme.m in Sources */ = {isa = PBXBuildFile; fileRef = 0855F19724ACB3F6004611F3 /* UIProgressView+LYTheme.m */; };
		0855F19B24ACB50F004611F3 /* UISearchBar+LYTheme.m in Sources */ = {isa = PBXBuildFile; fileRef = 0855F19A24ACB50F004611F3 /* UISearchBar+LYTheme.m */; };
		0855F19E24ACB71D004611F3 /* UISlider+LYTheme.m in Sources */ = {isa = PBXBuildFile; fileRef = 0855F19D24ACB71D004611F3 /* UISlider+LYTheme.m */; };
		0855F1A124ACB8BA004611F3 /* UISwitch+LYTheme.m in Sources */ = {isa = PBXBuildFile; fileRef = 0855F1A024ACB8BA004611F3 /* UISwitch+LYTheme.m */; };
		0855F1A424ACBA65004611F3 /* UITabBar+LYTheme.m in Sources */ = {isa = PBXBuildFile; fileRef = 0855F1A324ACBA65004611F3 /* UITabBar+LYTheme.m */; };
		0855F1A724ACBBF3004611F3 /* UITableView+LYTheme.m in Sources */ = {isa = PBXBuildFile; fileRef = 0855F1A624ACBBF3004611F3 /* UITableView+LYTheme.m */; };
		0855F1AA24ACC163004611F3 /* UITextField+LYTheme.m in Sources */ = {isa = PBXBuildFile; fileRef = 0855F1A924ACC163004611F3 /* UITextField+LYTheme.m */; };
		0855F1AD24ACC242004611F3 /* UITextView+LYTheme.m in Sources */ = {isa = PBXBuildFile; fileRef = 0855F1AC24ACC242004611F3 /* UITextView+LYTheme.m */; };
		088334B124ACC3CC007F93DF /* UIToolbar+LYTheme.m in Sources */ = {isa = PBXBuildFile; fileRef = 088334B024ACC3CC007F93DF /* UIToolbar+LYTheme.m */; };
		08BF0D1124AC89B8000DFFC9 /* AppDelegate.m in Sources */ = {isa = PBXBuildFile; fileRef = 08BF0D1024AC89B8000DFFC9 /* AppDelegate.m */; };
		08BF0D1424AC89B8000DFFC9 /* SceneDelegate.m in Sources */ = {isa = PBXBuildFile; fileRef = 08BF0D1324AC89B8000DFFC9 /* SceneDelegate.m */; };
		08BF0D1724AC89B8000DFFC9 /* ViewController.m in Sources */ = {isa = PBXBuildFile; fileRef = 08BF0D1624AC89B8000DFFC9 /* ViewController.m */; };
		08BF0D1A24AC89B8000DFFC9 /* Main.storyboard in Resources */ = {isa = PBXBuildFile; fileRef = 08BF0D1824AC89B8000DFFC9 /* Main.storyboard */; };
		08BF0D1C24AC89BD000DFFC9 /* Assets.xcassets in Resources */ = {isa = PBXBuildFile; fileRef = 08BF0D1B24AC89BD000DFFC9 /* Assets.xcassets */; };
		08BF0D1F24AC89BD000DFFC9 /* LaunchScreen.storyboard in Resources */ = {isa = PBXBuildFile; fileRef = 08BF0D1D24AC89BD000DFFC9 /* LaunchScreen.storyboard */; };
		08BF0D2224AC89BD000DFFC9 /* main.m in Sources */ = {isa = PBXBuildFile; fileRef = 08BF0D2124AC89BD000DFFC9 /* main.m */; };
		08BF0D2D24AC8EF0000DFFC9 /* LYThemeManager.m in Sources */ = {isa = PBXBuildFile; fileRef = 08BF0D2C24AC8EF0000DFFC9 /* LYThemeManager.m */; };
		08BF0D3024AC9A25000DFFC9 /* NSObject+LYTheme.m in Sources */ = {isa = PBXBuildFile; fileRef = 08BF0D2F24AC9A25000DFFC9 /* NSObject+LYTheme.m */; };
		08BF0D3324ACA06E000DFFC9 /* UIView+LYTheme.m in Sources */ = {isa = PBXBuildFile; fileRef = 08BF0D3224ACA06E000DFFC9 /* UIView+LYTheme.m */; };
		08BF0D3924ACA182000DFFC9 /* LYActionCmd.m in Sources */ = {isa = PBXBuildFile; fileRef = 08BF0D3824ACA182000DFFC9 /* LYActionCmd.m */; };
		08E5E85024ADD2420042FCAC /* LYConfigColorCmd.m in Sources */ = {isa = PBXBuildFile; fileRef = 08E5E84F24ADD2420042FCAC /* LYConfigColorCmd.m */; };
		08E5E85324ADE1970042FCAC /* UIColor+LYTheme.m in Sources */ = {isa = PBXBuildFile; fileRef = 08E5E85224ADE1960042FCAC /* UIColor+LYTheme.m */; };
/* End PBXBuildFile section */

/* Begin PBXFileReference section */
		0855F18A24ACA5C9004611F3 /* LYTestTheme.h */ = {isa = PBXFileReference; lastKnownFileType = sourcecode.c.h; path = LYTestTheme.h; sourceTree = "<group>"; };
		0855F18B24ACA5C9004611F3 /* LYTestTheme.m */ = {isa = PBXFileReference; lastKnownFileType = sourcecode.c.objc; path = LYTestTheme.m; sourceTree = "<group>"; };
		0855F18D24ACAB0F004611F3 /* UILabel+LYTheme.h */ = {isa = PBXFileReference; lastKnownFileType = sourcecode.c.h; path = "UILabel+LYTheme.h"; sourceTree = "<group>"; };
		0855F18E24ACAB0F004611F3 /* UILabel+LYTheme.m */ = {isa = PBXFileReference; lastKnownFileType = sourcecode.c.objc; path = "UILabel+LYTheme.m"; sourceTree = "<group>"; };
		0855F19024ACAFE7004611F3 /* UINavigationBar+LYTheme.h */ = {isa = PBXFileReference; lastKnownFileType = sourcecode.c.h; path = "UINavigationBar+LYTheme.h"; sourceTree = "<group>"; };
		0855F19124ACAFE7004611F3 /* UINavigationBar+LYTheme.m */ = {isa = PBXFileReference; lastKnownFileType = sourcecode.c.objc; path = "UINavigationBar+LYTheme.m"; sourceTree = "<group>"; };
		0855F19324ACB27F004611F3 /* UIPageControl+LYTheme.h */ = {isa = PBXFileReference; lastKnownFileType = sourcecode.c.h; path = "UIPageControl+LYTheme.h"; sourceTree = "<group>"; };
		0855F19424ACB27F004611F3 /* UIPageControl+LYTheme.m */ = {isa = PBXFileReference; lastKnownFileType = sourcecode.c.objc; path = "UIPageControl+LYTheme.m"; sourceTree = "<group>"; };
		0855F19624ACB3F6004611F3 /* UIProgressView+LYTheme.h */ = {isa = PBXFileReference; lastKnownFileType = sourcecode.c.h; path = "UIProgressView+LYTheme.h"; sourceTree = "<group>"; };
		0855F19724ACB3F6004611F3 /* UIProgressView+LYTheme.m */ = {isa = PBXFileReference; lastKnownFileType = sourcecode.c.objc; path = "UIProgressView+LYTheme.m"; sourceTree = "<group>"; };
		0855F19924ACB50F004611F3 /* UISearchBar+LYTheme.h */ = {isa = PBXFileReference; lastKnownFileType = sourcecode.c.h; path = "UISearchBar+LYTheme.h"; sourceTree = "<group>"; };
		0855F19A24ACB50F004611F3 /* UISearchBar+LYTheme.m */ = {isa = PBXFileReference; lastKnownFileType = sourcecode.c.objc; path = "UISearchBar+LYTheme.m"; sourceTree = "<group>"; };
		0855F19C24ACB71D004611F3 /* UISlider+LYTheme.h */ = {isa = PBXFileReference; lastKnownFileType = sourcecode.c.h; path = "UISlider+LYTheme.h"; sourceTree = "<group>"; };
		0855F19D24ACB71D004611F3 /* UISlider+LYTheme.m */ = {isa = PBXFileReference; lastKnownFileType = sourcecode.c.objc; path = "UISlider+LYTheme.m"; sourceTree = "<group>"; };
		0855F19F24ACB8BA004611F3 /* UISwitch+LYTheme.h */ = {isa = PBXFileReference; lastKnownFileType = sourcecode.c.h; path = "UISwitch+LYTheme.h"; sourceTree = "<group>"; };
		0855F1A024ACB8BA004611F3 /* UISwitch+LYTheme.m */ = {isa = PBXFileReference; lastKnownFileType = sourcecode.c.objc; path = "UISwitch+LYTheme.m"; sourceTree = "<group>"; };
		0855F1A224ACBA65004611F3 /* UITabBar+LYTheme.h */ = {isa = PBXFileReference; lastKnownFileType = sourcecode.c.h; path = "UITabBar+LYTheme.h"; sourceTree = "<group>"; };
		0855F1A324ACBA65004611F3 /* UITabBar+LYTheme.m */ = {isa = PBXFileReference; lastKnownFileType = sourcecode.c.objc; path = "UITabBar+LYTheme.m"; sourceTree = "<group>"; };
		0855F1A524ACBBF3004611F3 /* UITableView+LYTheme.h */ = {isa = PBXFileReference; lastKnownFileType = sourcecode.c.h; path = "UITableView+LYTheme.h"; sourceTree = "<group>"; };
		0855F1A624ACBBF3004611F3 /* UITableView+LYTheme.m */ = {isa = PBXFileReference; lastKnownFileType = sourcecode.c.objc; path = "UITableView+LYTheme.m"; sourceTree = "<group>"; };
		0855F1A824ACC163004611F3 /* UITextField+LYTheme.h */ = {isa = PBXFileReference; lastKnownFileType = sourcecode.c.h; path = "UITextField+LYTheme.h"; sourceTree = "<group>"; };
		0855F1A924ACC163004611F3 /* UITextField+LYTheme.m */ = {isa = PBXFileReference; lastKnownFileType = sourcecode.c.objc; path = "UITextField+LYTheme.m"; sourceTree = "<group>"; };
		0855F1AB24ACC242004611F3 /* UITextView+LYTheme.h */ = {isa = PBXFileReference; lastKnownFileType = sourcecode.c.h; path = "UITextView+LYTheme.h"; sourceTree = "<group>"; };
		0855F1AC24ACC242004611F3 /* UITextView+LYTheme.m */ = {isa = PBXFileReference; lastKnownFileType = sourcecode.c.objc; path = "UITextView+LYTheme.m"; sourceTree = "<group>"; };
		088334AF24ACC3CC007F93DF /* UIToolbar+LYTheme.h */ = {isa = PBXFileReference; lastKnownFileType = sourcecode.c.h; path = "UIToolbar+LYTheme.h"; sourceTree = "<group>"; };
		088334B024ACC3CC007F93DF /* UIToolbar+LYTheme.m */ = {isa = PBXFileReference; lastKnownFileType = sourcecode.c.objc; path = "UIToolbar+LYTheme.m"; sourceTree = "<group>"; };
		08BF0D0C24AC89B8000DFFC9 /* LYThemeKit.app */ = {isa = PBXFileReference; explicitFileType = wrapper.application; includeInIndex = 0; path = LYThemeKit.app; sourceTree = BUILT_PRODUCTS_DIR; };
		08BF0D0F24AC89B8000DFFC9 /* AppDelegate.h */ = {isa = PBXFileReference; lastKnownFileType = sourcecode.c.h; path = AppDelegate.h; sourceTree = "<group>"; };
		08BF0D1024AC89B8000DFFC9 /* AppDelegate.m */ = {isa = PBXFileReference; lastKnownFileType = sourcecode.c.objc; path = AppDelegate.m; sourceTree = "<group>"; };
		08BF0D1224AC89B8000DFFC9 /* SceneDelegate.h */ = {isa = PBXFileReference; lastKnownFileType = sourcecode.c.h; path = SceneDelegate.h; sourceTree = "<group>"; };
		08BF0D1324AC89B8000DFFC9 /* SceneDelegate.m */ = {isa = PBXFileReference; lastKnownFileType = sourcecode.c.objc; path = SceneDelegate.m; sourceTree = "<group>"; };
		08BF0D1524AC89B8000DFFC9 /* ViewController.h */ = {isa = PBXFileReference; lastKnownFileType = sourcecode.c.h; path = ViewController.h; sourceTree = "<group>"; };
		08BF0D1624AC89B8000DFFC9 /* ViewController.m */ = {isa = PBXFileReference; lastKnownFileType = sourcecode.c.objc; path = ViewController.m; sourceTree = "<group>"; };
		08BF0D1924AC89B8000DFFC9 /* Base */ = {isa = PBXFileReference; lastKnownFileType = file.storyboard; name = Base; path = Base.lproj/Main.storyboard; sourceTree = "<group>"; };
		08BF0D1B24AC89BD000DFFC9 /* Assets.xcassets */ = {isa = PBXFileReference; lastKnownFileType = folder.assetcatalog; path = Assets.xcassets; sourceTree = "<group>"; };
		08BF0D1E24AC89BD000DFFC9 /* Base */ = {isa = PBXFileReference; lastKnownFileType = file.storyboard; name = Base; path = Base.lproj/LaunchScreen.storyboard; sourceTree = "<group>"; };
		08BF0D2024AC89BD000DFFC9 /* Info.plist */ = {isa = PBXFileReference; lastKnownFileType = text.plist.xml; path = Info.plist; sourceTree = "<group>"; };
		08BF0D2124AC89BD000DFFC9 /* main.m */ = {isa = PBXFileReference; lastKnownFileType = sourcecode.c.objc; path = main.m; sourceTree = "<group>"; };
		08BF0D2924AC8AC9000DFFC9 /* LYThemeKit.h */ = {isa = PBXFileReference; lastKnownFileType = sourcecode.c.h; path = LYThemeKit.h; sourceTree = "<group>"; };
		08BF0D2A24AC8B67000DFFC9 /* LYThemeKitPotocol.h */ = {isa = PBXFileReference; lastKnownFileType = sourcecode.c.h; path = LYThemeKitPotocol.h; sourceTree = "<group>"; };
		08BF0D2B24AC8EF0000DFFC9 /* LYThemeManager.h */ = {isa = PBXFileReference; lastKnownFileType = sourcecode.c.h; path = LYThemeManager.h; sourceTree = "<group>"; };
		08BF0D2C24AC8EF0000DFFC9 /* LYThemeManager.m */ = {isa = PBXFileReference; lastKnownFileType = sourcecode.c.objc; path = LYThemeManager.m; sourceTree = "<group>"; };
		08BF0D2E24AC9A25000DFFC9 /* NSObject+LYTheme.h */ = {isa = PBXFileReference; lastKnownFileType = sourcecode.c.h; path = "NSObject+LYTheme.h"; sourceTree = "<group>"; };
		08BF0D2F24AC9A25000DFFC9 /* NSObject+LYTheme.m */ = {isa = PBXFileReference; lastKnownFileType = sourcecode.c.objc; path = "NSObject+LYTheme.m"; sourceTree = "<group>"; };
		08BF0D3124ACA06E000DFFC9 /* UIView+LYTheme.h */ = {isa = PBXFileReference; lastKnownFileType = sourcecode.c.h; path = "UIView+LYTheme.h"; sourceTree = "<group>"; };
		08BF0D3224ACA06E000DFFC9 /* UIView+LYTheme.m */ = {isa = PBXFileReference; lastKnownFileType = sourcecode.c.objc; path = "UIView+LYTheme.m"; sourceTree = "<group>"; };
		08BF0D3724ACA182000DFFC9 /* LYActionCmd.h */ = {isa = PBXFileReference; lastKnownFileType = sourcecode.c.h; path = LYActionCmd.h; sourceTree = "<group>"; };
		08BF0D3824ACA182000DFFC9 /* LYActionCmd.m */ = {isa = PBXFileReference; lastKnownFileType = sourcecode.c.objc; path = LYActionCmd.m; sourceTree = "<group>"; };
		08E5E84E24ADD2420042FCAC /* LYConfigColorCmd.h */ = {isa = PBXFileReference; lastKnownFileType = sourcecode.c.h; path = LYConfigColorCmd.h; sourceTree = "<group>"; };
		08E5E84F24ADD2420042FCAC /* LYConfigColorCmd.m */ = {isa = PBXFileReference; lastKnownFileType = sourcecode.c.objc; path = LYConfigColorCmd.m; sourceTree = "<group>"; };
		08E5E85124ADE1960042FCAC /* UIColor+LYTheme.h */ = {isa = PBXFileReference; lastKnownFileType = sourcecode.c.h; path = "UIColor+LYTheme.h"; sourceTree = "<group>"; };
		08E5E85224ADE1960042FCAC /* UIColor+LYTheme.m */ = {isa = PBXFileReference; lastKnownFileType = sourcecode.c.objc; path = "UIColor+LYTheme.m"; sourceTree = "<group>"; };
/* End PBXFileReference section */

/* Begin PBXFrameworksBuildPhase section */
		08BF0D0924AC89B8000DFFC9 /* Frameworks */ = {
			isa = PBXFrameworksBuildPhase;
			buildActionMask = 2147483647;
			files = (
			);
			runOnlyForDeploymentPostprocessing = 0;
		};
/* End PBXFrameworksBuildPhase section */

/* Begin PBXGroup section */
		08BF0D0324AC89B8000DFFC9 = {
			isa = PBXGroup;
			children = (
				08BF0D0E24AC89B8000DFFC9 /* LYThemeKit */,
				08BF0D0D24AC89B8000DFFC9 /* Products */,
			);
			sourceTree = "<group>";
		};
		08BF0D0D24AC89B8000DFFC9 /* Products */ = {
			isa = PBXGroup;
			children = (
				08BF0D0C24AC89B8000DFFC9 /* LYThemeKit.app */,
			);
			name = Products;
			sourceTree = "<group>";
		};
		08BF0D0E24AC89B8000DFFC9 /* LYThemeKit */ = {
			isa = PBXGroup;
			children = (
				08BF0D2824AC8AA5000DFFC9 /* LYThemeKit */,
				08BF0D0F24AC89B8000DFFC9 /* AppDelegate.h */,
				08BF0D1024AC89B8000DFFC9 /* AppDelegate.m */,
				08BF0D1224AC89B8000DFFC9 /* SceneDelegate.h */,
				08BF0D1324AC89B8000DFFC9 /* SceneDelegate.m */,
				08BF0D1524AC89B8000DFFC9 /* ViewController.h */,
				08BF0D1624AC89B8000DFFC9 /* ViewController.m */,
				0855F18A24ACA5C9004611F3 /* LYTestTheme.h */,
				0855F18B24ACA5C9004611F3 /* LYTestTheme.m */,
				08BF0D1824AC89B8000DFFC9 /* Main.storyboard */,
				08BF0D1B24AC89BD000DFFC9 /* Assets.xcassets */,
				08BF0D1D24AC89BD000DFFC9 /* LaunchScreen.storyboard */,
				08BF0D2024AC89BD000DFFC9 /* Info.plist */,
				08BF0D2124AC89BD000DFFC9 /* main.m */,
			);
			path = LYThemeKit;
			sourceTree = "<group>";
		};
		08BF0D2824AC8AA5000DFFC9 /* LYThemeKit */ = {
			isa = PBXGroup;
			children = (
				08BF0D2924AC8AC9000DFFC9 /* LYThemeKit.h */,
				08BF0D2A24AC8B67000DFFC9 /* LYThemeKitPotocol.h */,
				08BF0D2B24AC8EF0000DFFC9 /* LYThemeManager.h */,
				08BF0D2C24AC8EF0000DFFC9 /* LYThemeManager.m */,
				08BF0D2E24AC9A25000DFFC9 /* NSObject+LYTheme.h */,
				08BF0D2F24AC9A25000DFFC9 /* NSObject+LYTheme.m */,
				08BF0D3124ACA06E000DFFC9 /* UIView+LYTheme.h */,
				08BF0D3224ACA06E000DFFC9 /* UIView+LYTheme.m */,
				0855F18D24ACAB0F004611F3 /* UILabel+LYTheme.h */,
				0855F18E24ACAB0F004611F3 /* UILabel+LYTheme.m */,
				0855F19024ACAFE7004611F3 /* UINavigationBar+LYTheme.h */,
				0855F19124ACAFE7004611F3 /* UINavigationBar+LYTheme.m */,
				0855F19324ACB27F004611F3 /* UIPageControl+LYTheme.h */,
				0855F19424ACB27F004611F3 /* UIPageControl+LYTheme.m */,
				0855F19624ACB3F6004611F3 /* UIProgressView+LYTheme.h */,
				0855F19724ACB3F6004611F3 /* UIProgressView+LYTheme.m */,
				0855F19924ACB50F004611F3 /* UISearchBar+LYTheme.h */,
				0855F19A24ACB50F004611F3 /* UISearchBar+LYTheme.m */,
				0855F19C24ACB71D004611F3 /* UISlider+LYTheme.h */,
				0855F19D24ACB71D004611F3 /* UISlider+LYTheme.m */,
				0855F19F24ACB8BA004611F3 /* UISwitch+LYTheme.h */,
				0855F1A024ACB8BA004611F3 /* UISwitch+LYTheme.m */,
				0855F1A224ACBA65004611F3 /* UITabBar+LYTheme.h */,
				0855F1A324ACBA65004611F3 /* UITabBar+LYTheme.m */,
				0855F1A524ACBBF3004611F3 /* UITableView+LYTheme.h */,
				0855F1A624ACBBF3004611F3 /* UITableView+LYTheme.m */,
				0855F1A824ACC163004611F3 /* UITextField+LYTheme.h */,
				0855F1A924ACC163004611F3 /* UITextField+LYTheme.m */,
				0855F1AB24ACC242004611F3 /* UITextView+LYTheme.h */,
				0855F1AC24ACC242004611F3 /* UITextView+LYTheme.m */,
				088334AF24ACC3CC007F93DF /* UIToolbar+LYTheme.h */,
				088334B024ACC3CC007F93DF /* UIToolbar+LYTheme.m */,
				08E5E85124ADE1960042FCAC /* UIColor+LYTheme.h */,
				08E5E85224ADE1960042FCAC /* UIColor+LYTheme.m */,
				08BF0D3724ACA182000DFFC9 /* LYActionCmd.h */,
				08BF0D3824ACA182000DFFC9 /* LYActionCmd.m */,
				08E5E84E24ADD2420042FCAC /* LYConfigColorCmd.h */,
				08E5E84F24ADD2420042FCAC /* LYConfigColorCmd.m */,
			);
			path = LYThemeKit;
			sourceTree = "<group>";
		};
/* End PBXGroup section */

/* Begin PBXNativeTarget section */
		08BF0D0B24AC89B8000DFFC9 /* LYThemeKit */ = {
			isa = PBXNativeTarget;
			buildConfigurationList = 08BF0D2524AC89BD000DFFC9 /* Build configuration list for PBXNativeTarget "LYThemeKit" */;
			buildPhases = (
				08BF0D0824AC89B8000DFFC9 /* Sources */,
				08BF0D0924AC89B8000DFFC9 /* Frameworks */,
				08BF0D0A24AC89B8000DFFC9 /* Resources */,
			);
			buildRules = (
			);
			dependencies = (
			);
			name = LYThemeKit;
			productName = LYThemeKit;
			productReference = 08BF0D0C24AC89B8000DFFC9 /* LYThemeKit.app */;
			productType = "com.apple.product-type.application";
		};
/* End PBXNativeTarget section */

/* Begin PBXProject section */
		08BF0D0424AC89B8000DFFC9 /* Project object */ = {
			isa = PBXProject;
			attributes = {
				LastUpgradeCheck = 1130;
				ORGANIZATIONNAME = anita;
				TargetAttributes = {
					08BF0D0B24AC89B8000DFFC9 = {
						CreatedOnToolsVersion = 11.3;
					};
				};
			};
			buildConfigurationList = 08BF0D0724AC89B8000DFFC9 /* Build configuration list for PBXProject "LYThemeKit" */;
			compatibilityVersion = "Xcode 9.3";
			developmentRegion = en;
			hasScannedForEncodings = 0;
			knownRegions = (
				en,
				Base,
			);
			mainGroup = 08BF0D0324AC89B8000DFFC9;
			productRefGroup = 08BF0D0D24AC89B8000DFFC9 /* Products */;
			projectDirPath = "";
			projectRoot = "";
			targets = (
				08BF0D0B24AC89B8000DFFC9 /* LYThemeKit */,
			);
		};
/* End PBXProject section */

/* Begin PBXResourcesBuildPhase section */
		08BF0D0A24AC89B8000DFFC9 /* Resources */ = {
			isa = PBXResourcesBuildPhase;
			buildActionMask = 2147483647;
			files = (
				08BF0D1F24AC89BD000DFFC9 /* LaunchScreen.storyboard in Resources */,
				08BF0D1C24AC89BD000DFFC9 /* Assets.xcassets in Resources */,
				08BF0D1A24AC89B8000DFFC9 /* Main.storyboard in Resources */,
			);
			runOnlyForDeploymentPostprocessing = 0;
		};
/* End PBXResourcesBuildPhase section */

/* Begin PBXSourcesBuildPhase section */
		08BF0D0824AC89B8000DFFC9 /* Sources */ = {
			isa = PBXSourcesBuildPhase;
			buildActionMask = 2147483647;
			files = (
				0855F1A724ACBBF3004611F3 /* UITableView+LYTheme.m in Sources */,
				0855F1A124ACB8BA004611F3 /* UISwitch+LYTheme.m in Sources */,
				08BF0D2D24AC8EF0000DFFC9 /* LYThemeManager.m in Sources */,
				0855F19524ACB27F004611F3 /* UIPageControl+LYTheme.m in Sources */,
				0855F1AD24ACC242004611F3 /* UITextView+LYTheme.m in Sources */,
				08BF0D1724AC89B8000DFFC9 /* ViewController.m in Sources */,
				08BF0D1124AC89B8000DFFC9 /* AppDelegate.m in Sources */,
				0855F19824ACB3F6004611F3 /* UIProgressView+LYTheme.m in Sources */,
				0855F1A424ACBA65004611F3 /* UITabBar+LYTheme.m in Sources */,
				0855F1AA24ACC163004611F3 /* UITextField+LYTheme.m in Sources */,
				088334B124ACC3CC007F93DF /* UIToolbar+LYTheme.m in Sources */,
				0855F18C24ACA5C9004611F3 /* LYTestTheme.m in Sources */,
				08BF0D2224AC89BD000DFFC9 /* main.m in Sources */,
				08BF0D3324ACA06E000DFFC9 /* UIView+LYTheme.m in Sources */,
				08E5E85324ADE1970042FCAC /* UIColor+LYTheme.m in Sources */,
				0855F19224ACAFE7004611F3 /* UINavigationBar+LYTheme.m in Sources */,
				08E5E85024ADD2420042FCAC /* LYConfigColorCmd.m in Sources */,
				0855F19E24ACB71D004611F3 /* UISlider+LYTheme.m in Sources */,
				08BF0D3024AC9A25000DFFC9 /* NSObject+LYTheme.m in Sources */,
				08BF0D1424AC89B8000DFFC9 /* SceneDelegate.m in Sources */,
				08BF0D3924ACA182000DFFC9 /* LYActionCmd.m in Sources */,
				0855F19B24ACB50F004611F3 /* UISearchBar+LYTheme.m in Sources */,
				0855F18F24ACAB0F004611F3 /* UILabel+LYTheme.m in Sources */,
			);
			runOnlyForDeploymentPostprocessing = 0;
		};
/* End PBXSourcesBuildPhase section */

/* Begin PBXVariantGroup section */
		08BF0D1824AC89B8000DFFC9 /* Main.storyboard */ = {
			isa = PBXVariantGroup;
			children = (
				08BF0D1924AC89B8000DFFC9 /* Base */,
			);
			name = Main.storyboard;
			sourceTree = "<group>";
		};
		08BF0D1D24AC89BD000DFFC9 /* LaunchScreen.storyboard */ = {
			isa = PBXVariantGroup;
			children = (
				08BF0D1E24AC89BD000DFFC9 /* Base */,
			);
			name = LaunchScreen.storyboard;
			sourceTree = "<group>";
		};
/* End PBXVariantGroup section */

/* Begin XCBuildConfiguration section */
		08BF0D2324AC89BD000DFFC9 /* Debug */ = {
			isa = XCBuildConfiguration;
			buildSettings = {
				ALWAYS_SEARCH_USER_PATHS = NO;
				CLANG_ANALYZER_NONNULL = YES;
				CLANG_ANALYZER_NUMBER_OBJECT_CONVERSION = YES_AGGRESSIVE;
				CLANG_CXX_LANGUAGE_STANDARD = "gnu++14";
				CLANG_CXX_LIBRARY = "libc++";
				CLANG_ENABLE_MODULES = YES;
				CLANG_ENABLE_OBJC_ARC = YES;
				CLANG_ENABLE_OBJC_WEAK = YES;
				CLANG_WARN_BLOCK_CAPTURE_AUTORELEASING = YES;
				CLANG_WARN_BOOL_CONVERSION = YES;
				CLANG_WARN_COMMA = YES;
				CLANG_WARN_CONSTANT_CONVERSION = YES;
				CLANG_WARN_DEPRECATED_OBJC_IMPLEMENTATIONS = YES;
				CLANG_WARN_DIRECT_OBJC_ISA_USAGE = YES_ERROR;
				CLANG_WARN_DOCUMENTATION_COMMENTS = YES;
				CLANG_WARN_EMPTY_BODY = YES;
				CLANG_WARN_ENUM_CONVERSION = YES;
				CLANG_WARN_INFINITE_RECURSION = YES;
				CLANG_WARN_INT_CONVERSION = YES;
				CLANG_WARN_NON_LITERAL_NULL_CONVERSION = YES;
				CLANG_WARN_OBJC_IMPLICIT_RETAIN_SELF = YES;
				CLANG_WARN_OBJC_LITERAL_CONVERSION = YES;
				CLANG_WARN_OBJC_ROOT_CLASS = YES_ERROR;
				CLANG_WARN_RANGE_LOOP_ANALYSIS = YES;
				CLANG_WARN_STRICT_PROTOTYPES = YES;
				CLANG_WARN_SUSPICIOUS_MOVE = YES;
				CLANG_WARN_UNGUARDED_AVAILABILITY = YES_AGGRESSIVE;
				CLANG_WARN_UNREACHABLE_CODE = YES;
				CLANG_WARN__DUPLICATE_METHOD_MATCH = YES;
				COPY_PHASE_STRIP = NO;
				DEBUG_INFORMATION_FORMAT = dwarf;
				ENABLE_STRICT_OBJC_MSGSEND = YES;
				ENABLE_TESTABILITY = YES;
				GCC_C_LANGUAGE_STANDARD = gnu11;
				GCC_DYNAMIC_NO_PIC = NO;
				GCC_NO_COMMON_BLOCKS = YES;
				GCC_OPTIMIZATION_LEVEL = 0;
				GCC_PREPROCESSOR_DEFINITIONS = (
					"DEBUG=1",
					"$(inherited)",
				);
				GCC_WARN_64_TO_32_BIT_CONVERSION = YES;
				GCC_WARN_ABOUT_RETURN_TYPE = YES_ERROR;
				GCC_WARN_UNDECLARED_SELECTOR = YES;
				GCC_WARN_UNINITIALIZED_AUTOS = YES_AGGRESSIVE;
				GCC_WARN_UNUSED_FUNCTION = YES;
				GCC_WARN_UNUSED_VARIABLE = YES;
				IPHONEOS_DEPLOYMENT_TARGET = 13.2;
				MTL_ENABLE_DEBUG_INFO = INCLUDE_SOURCE;
				MTL_FAST_MATH = YES;
				ONLY_ACTIVE_ARCH = YES;
				SDKROOT = iphoneos;
			};
			name = Debug;
		};
		08BF0D2424AC89BD000DFFC9 /* Release */ = {
			isa = XCBuildConfiguration;
			buildSettings = {
				ALWAYS_SEARCH_USER_PATHS = NO;
				CLANG_ANALYZER_NONNULL = YES;
				CLANG_ANALYZER_NUMBER_OBJECT_CONVERSION = YES_AGGRESSIVE;
				CLANG_CXX_LANGUAGE_STANDARD = "gnu++14";
				CLANG_CXX_LIBRARY = "libc++";
				CLANG_ENABLE_MODULES = YES;
				CLANG_ENABLE_OBJC_ARC = YES;
				CLANG_ENABLE_OBJC_WEAK = YES;
				CLANG_WARN_BLOCK_CAPTURE_AUTORELEASING = YES;
				CLANG_WARN_BOOL_CONVERSION = YES;
				CLANG_WARN_COMMA = YES;
				CLANG_WARN_CONSTANT_CONVERSION = YES;
				CLANG_WARN_DEPRECATED_OBJC_IMPLEMENTATIONS = YES;
				CLANG_WARN_DIRECT_OBJC_ISA_USAGE = YES_ERROR;
				CLANG_WARN_DOCUMENTATION_COMMENTS = YES;
				CLANG_WARN_EMPTY_BODY = YES;
				CLANG_WARN_ENUM_CONVERSION = YES;
				CLANG_WARN_INFINITE_RECURSION = YES;
				CLANG_WARN_INT_CONVERSION = YES;
				CLANG_WARN_NON_LITERAL_NULL_CONVERSION = YES;
				CLANG_WARN_OBJC_IMPLICIT_RETAIN_SELF = YES;
				CLANG_WARN_OBJC_LITERAL_CONVERSION = YES;
				CLANG_WARN_OBJC_ROOT_CLASS = YES_ERROR;
				CLANG_WARN_RANGE_LOOP_ANALYSIS = YES;
				CLANG_WARN_STRICT_PROTOTYPES = YES;
				CLANG_WARN_SUSPICIOUS_MOVE = YES;
				CLANG_WARN_UNGUARDED_AVAILABILITY = YES_AGGRESSIVE;
				CLANG_WARN_UNREACHABLE_CODE = YES;
				CLANG_WARN__DUPLICATE_METHOD_MATCH = YES;
				COPY_PHASE_STRIP = NO;
				DEBUG_INFORMATION_FORMAT = "dwarf-with-dsym";
				ENABLE_NS_ASSERTIONS = NO;
				ENABLE_STRICT_OBJC_MSGSEND = YES;
				GCC_C_LANGUAGE_STANDARD = gnu11;
				GCC_NO_COMMON_BLOCKS = YES;
				GCC_WARN_64_TO_32_BIT_CONVERSION = YES;
				GCC_WARN_ABOUT_RETURN_TYPE = YES_ERROR;
				GCC_WARN_UNDECLARED_SELECTOR = YES;
				GCC_WARN_UNINITIALIZED_AUTOS = YES_AGGRESSIVE;
				GCC_WARN_UNUSED_FUNCTION = YES;
				GCC_WARN_UNUSED_VARIABLE = YES;
				IPHONEOS_DEPLOYMENT_TARGET = 13.2;
				MTL_ENABLE_DEBUG_INFO = NO;
				MTL_FAST_MATH = YES;
				SDKROOT = iphoneos;
				VALIDATE_PRODUCT = YES;
			};
			name = Release;
		};
		08BF0D2624AC89BD000DFFC9 /* Debug */ = {
			isa = XCBuildConfiguration;
			buildSettings = {
				ASSETCATALOG_COMPILER_APPICON_NAME = AppIcon;
				CODE_SIGN_STYLE = Automatic;
				INFOPLIST_FILE = LYThemeKit/Info.plist;
				LD_RUNPATH_SEARCH_PATHS = (
					"$(inherited)",
					"@executable_path/Frameworks",
				);
				PRODUCT_BUNDLE_IDENTIFIER = com.liuming.LYThemeKit;
				PRODUCT_NAME = "$(TARGET_NAME)";
				TARGETED_DEVICE_FAMILY = 1;
			};
			name = Debug;
		};
		08BF0D2724AC89BD000DFFC9 /* Release */ = {
			isa = XCBuildConfiguration;
			buildSettings = {
				ASSETCATALOG_COMPILER_APPICON_NAME = AppIcon;
				CODE_SIGN_STYLE = Automatic;
				INFOPLIST_FILE = LYThemeKit/Info.plist;
				LD_RUNPATH_SEARCH_PATHS = (
					"$(inherited)",
					"@executable_path/Frameworks",
				);
				PRODUCT_BUNDLE_IDENTIFIER = com.liuming.LYThemeKit;
				PRODUCT_NAME = "$(TARGET_NAME)";
				TARGETED_DEVICE_FAMILY = 1;
			};
			name = Release;
		};
/* End XCBuildConfiguration section */

/* Begin XCConfigurationList section */
		08BF0D0724AC89B8000DFFC9 /* Build configuration list for PBXProject "LYThemeKit" */ = {
			isa = XCConfigurationList;
			buildConfigurations = (
				08BF0D2324AC89BD000DFFC9 /* Debug */,
				08BF0D2424AC89BD000DFFC9 /* Release */,
			);
			defaultConfigurationIsVisible = 0;
			defaultConfigurationName = Release;
		};
		08BF0D2524AC89BD000DFFC9 /* Build configuration list for PBXNativeTarget "LYThemeKit" */ = {
			isa = XCConfigurationList;
			buildConfigurations = (
				08BF0D2624AC89BD000DFFC9 /* Debug */,
				08BF0D2724AC89BD000DFFC9 /* Release */,
			);
			defaultConfigurationIsVisible = 0;
			defaultConfigurationName = Release;
		};
/* End XCConfigurationList section */
	};
	rootObject = 08BF0D0424AC89B8000DFFC9 /* Project object */;
}
